<Solution>
  <Folder Name="/30/">
    <Project Path="../../../../../../../../project/Taller3/taller3/MatrixOperations/MatrixOperations.csproj" />
  </Folder>
  <Folder Name="/35/">
    <Project Path="../../../../../../../../project/Taller3/taller3/FactorDescomposition/FactorDescomposition.csproj" />
  </Folder>
</Solution>
